
Microsoft Visual Studio Solution File, Format Version 12.00
# Visual Studio Version 16
VisualStudioVersion = 16.0.31702.278
MinimumVisualStudioVersion = 10.0.40219.1
Project("{D2ABAB84-BF74-430A-B69E-9DC6D40DDA17}") = "Adventureworks", "Adventureworks\Adventureworks.dwproj", "{0D03B030-6864-4C39-94E8-2A1B1DC237A5}"
EndProject
Global
	GlobalSection(SolutionConfigurationPlatforms) = preSolution
		Development|Default = Development|Default
	EndGlobalSection
	GlobalSection(ProjectConfigurationPlatforms) = postSolution
		{0D03B030-6864-4C39-94E8-2A1B1DC237A5}.Development|Default.ActiveCfg = Development
		{0D03B030-6864-4C39-94E8-2A1B1DC237A5}.Development|Default.Build.0 = Development
		{0D03B030-6864-4C39-94E8-2A1B1DC237A5}.Development|Default.Deploy.0 = Development
	EndGlobalSection
	GlobalSection(SolutionProperties) = preSolution
		HideSolutionNode = FALSE
	EndGlobalSection
	GlobalSection(ExtensibilityGlobals) = postSolution
		SolutionGuid = {940520C2-B5C6-4C7F-82C5-EF6A5EC4157A}
	EndGlobalSection
EndGlobal
